
Microsoft Visual Studio Solution File, Format Version 12.00
# Visual Studio Version 17
VisualStudioVersion = 17.11.35327.3
MinimumVisualStudioVersion = 10.0.40219.1
Project("{FAE04EC0-301F-11D3-BF4B-00C04F79EFBC}") = "FactorialApp", "FactorialApp\FactorialApp.csproj", "{6750243C-C234-4326-934D-A7AF542A3149}"
EndProject
Global
	GlobalSection(SolutionConfigurationPlatforms) = preSolution
		Debug|Any CPU = Debug|Any CPU
		Release|Any CPU = Release|Any CPU
	EndGlobalSection
	GlobalSection(ProjectConfigurationPlatforms) = postSolution
		{6750243C-C234-4326-934D-A7AF542A3149}.Debug|Any CPU.ActiveCfg = Debug|Any CPU
		{6750243C-C234-4326-934D-A7AF542A3149}.Debug|Any CPU.Build.0 = Debug|Any CPU
		{6750243C-C234-4326-934D-A7AF542A3149}.Release|Any CPU.ActiveCfg = Release|Any CPU
		{6750243C-C234-4326-934D-A7AF542A3149}.Release|Any CPU.Build.0 = Release|Any CPU
	EndGlobalSection
	GlobalSection(SolutionProperties) = preSolution
		HideSolutionNode = FALSE
	EndGlobalSection
	GlobalSection(ExtensibilityGlobals) = postSolution
		SolutionGuid = {3EF2E024-0DBF-4936-8F9A-2E37A8C9F2D7}
	EndGlobalSection
EndGlobal
